
Microsoft Visual Studio Solution File, Format Version 12.00
# Visual Studio 14
VisualStudioVersion = 14.0.25420.1
MinimumVisualStudioVersion = 10.0.40219.1
Project("{FAE04EC0-301F-11D3-BF4B-00C04F79EFBC}") = "SRP", "SRP\SRP.csproj", "{CCE57AF1-6054-4335-8D29-40BFE3BA23AD}"
EndProject
Project("{FAE04EC0-301F-11D3-BF4B-00C04F79EFBC}") = "OCP", "OCP\OCP.csproj", "{6731E373-2953-47BA-98A7-EF5575553930}"
EndProject
Project("{FAE04EC0-301F-11D3-BF4B-00C04F79EFBC}") = "LSP", "LSP\LSP.csproj", "{E9AC6185-7A45-4C80-B76C-63E413ECED49}"
EndProject
Global
	GlobalSection(SolutionConfigurationPlatforms) = preSolution
		Debug|Any CPU = Debug|Any CPU
		Release|Any CPU = Release|Any CPU
	EndGlobalSection
	GlobalSection(ProjectConfigurationPlatforms) = postSolution
		{CCE57AF1-6054-4335-8D29-40BFE3BA23AD}.Debug|Any CPU.ActiveCfg = Debug|Any CPU
		{CCE57AF1-6054-4335-8D29-40BFE3BA23AD}.Debug|Any CPU.Build.0 = Debug|Any CPU
		{CCE57AF1-6054-4335-8D29-40BFE3BA23AD}.Release|Any CPU.ActiveCfg = Release|Any CPU
		{CCE57AF1-6054-4335-8D29-40BFE3BA23AD}.Release|Any CPU.Build.0 = Release|Any CPU
		{6731E373-2953-47BA-98A7-EF5575553930}.Debug|Any CPU.ActiveCfg = Debug|Any CPU
		{6731E373-2953-47BA-98A7-EF5575553930}.Debug|Any CPU.Build.0 = Debug|Any CPU
		{6731E373-2953-47BA-98A7-EF5575553930}.Release|Any CPU.ActiveCfg = Release|Any CPU
		{6731E373-2953-47BA-98A7-EF5575553930}.Release|Any CPU.Build.0 = Release|Any CPU
		{E9AC6185-7A45-4C80-B76C-63E413ECED49}.Debug|Any CPU.ActiveCfg = Debug|Any CPU
		{E9AC6185-7A45-4C80-B76C-63E413ECED49}.Debug|Any CPU.Build.0 = Debug|Any CPU
		{E9AC6185-7A45-4C80-B76C-63E413ECED49}.Release|Any CPU.ActiveCfg = Release|Any CPU
		{E9AC6185-7A45-4C80-B76C-63E413ECED49}.Release|Any CPU.Build.0 = Release|Any CPU
	EndGlobalSection
	GlobalSection(SolutionProperties) = preSolution
		HideSolutionNode = FALSE
	EndGlobalSection
EndGlobal
